{
  "version": 4,
  "terraform_version": "1.1.5",
  "serial": 14,
  "lineage": "bbb8b35f-326d-ab6d-e295-33c52e09d9cb",
  "outputs": {
    "ami": {
      "value": "ami-047001b1eacf31f75",
      "type": "string"
    },
    "bucket-name": {
      "value": "amanceq-test-bucket2022s",
      "type": "string"
    },
    "print-arn": {
      "value": "arn:aws:s3:::amanceq-test-bucket2022s",
      "type": "string"
    },
    "public-ip": {
      "value": "34.239.106.46",
      "type": "string"
    }
  },
  "resources": [
    {
      "module": "module.ec2-module",
      "mode": "managed",
      "type": "aws_instance",
      "name": "ec2",
      "provider": "provider[\"registry.terraform.io/hashicorp/aws\"]",
      "instances": [
        {
          "schema_version": 1,
          "attributes": {
            "ami": "ami-047001b1eacf31f75",
            "arn": "arn:aws:ec2:us-east-1:676634049556:instance/i-0a25a83872523c2da",
            "associate_public_ip_address": true,
            "availability_zone": "us-east-1d",
            "capacity_reservation_specification": [
              {
                "capacity_reservation_preference": "open",
                "capacity_reservation_target": []
              }
            ],
            "cpu_core_count": 1,
            "cpu_threads_per_core": 1,
            "credit_specification": [
              {
                "cpu_credits": "standard"
              }
            ],
            "disable_api_termination": false,
            "ebs_block_device": [],
            "ebs_optimized": false,
            "enclave_options": [
              {
                "enabled": false
              }
            ],
            "ephemeral_block_device": [],
            "get_password_data": false,
            "hibernation": false,
            "host_id": null,
            "iam_instance_profile": "",
            "id": "i-0a25a83872523c2da",
            "instance_initiated_shutdown_behavior": "stop",
            "instance_state": "running",
            "instance_type": "t2.micro",
            "ipv6_address_count": 0,
            "ipv6_addresses": [],
            "key_name": "",
            "launch_template": [],
            "metadata_options": [
              {
                "http_endpoint": "enabled",
                "http_put_response_hop_limit": 1,
                "http_tokens": "optional",
                "instance_metadata_tags": "disabled"
              }
            ],
            "monitoring": false,
            "network_interface": [],
            "outpost_arn": "",
            "password_data": "",
            "placement_group": "",
            "placement_partition_number": null,
            "primary_network_interface_id": "eni-0742ca7b419fe6954",
            "private_dns": "ip-172-31-92-45.ec2.internal",
            "private_ip": "172.31.92.45",
            "public_dns": "ec2-34-239-106-46.compute-1.amazonaws.com",
            "public_ip": "34.239.106.46",
            "root_block_device": [
              {
                "delete_on_termination": true,
                "device_name": "/dev/sda1",
                "encrypted": false,
                "iops": 16000,
                "kms_key_id": "",
                "tags": {},
                "throughput": 1000,
                "volume_id": "vol-0e46aafc3a19c1206",
                "volume_size": 60,
                "volume_type": "gp3"
              }
            ],
            "secondary_private_ips": [],
            "security_groups": [
              "default"
            ],
            "source_dest_check": true,
            "subnet_id": "subnet-f892b2d9",
            "tags": {
              "Name": "Test_aws-instance"
            },
            "tags_all": {
              "Name": "Test_aws-instance"
            },
            "tenancy": "default",
            "timeouts": null,
            "user_data": null,
            "user_data_base64": null,
            "volume_tags": null,
            "vpc_security_group_ids": [
              "sg-07b79218"
            ]
          },
          "sensitive_attributes": [],
          "private": "eyJlMmJmYjczMC1lY2FhLTExZTYtOGY4OC0zNDM2M2JjN2M0YzAiOnsiY3JlYXRlIjo2MDAwMDAwMDAwMDAsImRlbGV0ZSI6MTIwMDAwMDAwMDAwMCwidXBkYXRlIjo2MDAwMDAwMDAwMDB9LCJzY2hlbWFfdmVyc2lvbiI6IjEifQ=="
        }
      ]
    },
    {
      "module": "module.s3-module",
      "mode": "managed",
      "type": "aws_s3_bucket",
      "name": "b",
      "provider": "provider[\"registry.terraform.io/hashicorp/aws\"]",
      "instances": [
        {
          "schema_version": 0,
          "attributes": {
            "acceleration_status": "",
            "acl": "private",
            "arn": "arn:aws:s3:::amanceq-test-bucket2022s",
            "bucket": "amanceq-test-bucket2022s",
            "bucket_domain_name": "amanceq-test-bucket2022s.s3.amazonaws.com",
            "bucket_prefix": null,
            "bucket_regional_domain_name": "amanceq-test-bucket2022s.s3.amazonaws.com",
            "cors_rule": [],
            "force_destroy": false,
            "grant": [],
            "hosted_zone_id": "Z3AQBSTGFYJSTF",
            "id": "amanceq-test-bucket2022s",
            "lifecycle_rule": [],
            "logging": [],
            "object_lock_configuration": [],
            "policy": "",
            "region": "us-east-1",
            "replication_configuration": [],
            "request_payer": "BucketOwner",
            "server_side_encryption_configuration": [],
            "tags": {
              "Name": "terraform-test-bucketaman"
            },
            "tags_all": {
              "Name": "terraform-test-bucketaman"
            },
            "versioning": [
              {
                "enabled": false,
                "mfa_delete": false
              }
            ],
            "website": [],
            "website_domain": null,
            "website_endpoint": null
          },
          "sensitive_attributes": [],
          "private": "bnVsbA=="
        }
      ]
    }
  ]
}
